
Microsoft Visual Studio Solution File, Format Version 12.00
# Visual Studio Version 17
VisualStudioVersion = 17.6.33829.357
MinimumVisualStudioVersion = 10.0.40219.1
Project("{9A19103F-16F7-4668-BE54-9A1E7A4F7556}") = "API", "API\API.csproj", "{CA93CEF5-DE2B-46CD-A32D-00F419466017}"
EndProject
Project("{FAE04EC0-301F-11D3-BF4B-00C04F79EFBC}") = "Core", "Core\Core.csproj", "{05EADD31-A7D8-43E4-9041-77A5EC3BAEC9}"
EndProject
Project("{FAE04EC0-301F-11D3-BF4B-00C04F79EFBC}") = "Infrastructure", "Infrastructure\Infrastructure.csproj", "{15330D0B-9E90-4222-886B-05BFDE9FE411}"
EndProject
Global
	GlobalSection(SolutionConfigurationPlatforms) = preSolution
		Debug|Any CPU = Debug|Any CPU
		Release|Any CPU = Release|Any CPU
	EndGlobalSection
	GlobalSection(ProjectConfigurationPlatforms) = postSolution
		{CA93CEF5-DE2B-46CD-A32D-00F419466017}.Debug|Any CPU.ActiveCfg = Debug|Any CPU
		{CA93CEF5-DE2B-46CD-A32D-00F419466017}.Debug|Any CPU.Build.0 = Debug|Any CPU
		{CA93CEF5-DE2B-46CD-A32D-00F419466017}.Release|Any CPU.ActiveCfg = Release|Any CPU
		{CA93CEF5-DE2B-46CD-A32D-00F419466017}.Release|Any CPU.Build.0 = Release|Any CPU
		{05EADD31-A7D8-43E4-9041-77A5EC3BAEC9}.Debug|Any CPU.ActiveCfg = Debug|Any CPU
		{05EADD31-A7D8-43E4-9041-77A5EC3BAEC9}.Debug|Any CPU.Build.0 = Debug|Any CPU
		{05EADD31-A7D8-43E4-9041-77A5EC3BAEC9}.Release|Any CPU.ActiveCfg = Release|Any CPU
		{05EADD31-A7D8-43E4-9041-77A5EC3BAEC9}.Release|Any CPU.Build.0 = Release|Any CPU
		{15330D0B-9E90-4222-886B-05BFDE9FE411}.Debug|Any CPU.ActiveCfg = Debug|Any CPU
		{15330D0B-9E90-4222-886B-05BFDE9FE411}.Debug|Any CPU.Build.0 = Debug|Any CPU
		{15330D0B-9E90-4222-886B-05BFDE9FE411}.Release|Any CPU.ActiveCfg = Release|Any CPU
		{15330D0B-9E90-4222-886B-05BFDE9FE411}.Release|Any CPU.Build.0 = Release|Any CPU
	EndGlobalSection
	GlobalSection(SolutionProperties) = preSolution
		HideSolutionNode = FALSE
	EndGlobalSection
	GlobalSection(ExtensibilityGlobals) = postSolution
		SolutionGuid = {296916B8-283D-4239-B9D9-C197D13D0372}
	EndGlobalSection
EndGlobal
